
Microsoft Visual Studio Solution File, Format Version 12.00
# Visual Studio Version 17
VisualStudioVersion = 17.0.31903.59
MinimumVisualStudioVersion = 10.0.40219.1
Project("{2150E333-8FDC-42A3-9474-1A3956D46DE8}") = "src", "src", "{827E0CD3-B72D-47B6-A68D-7590B98EB39B}"
EndProject
Project("{FAE04EC0-301F-11D3-BF4B-00C04F79EFBC}") = "WeatherDashboard.Domain", "src\WeatherDashboard.Domain\WeatherDashboard.Domain.csproj", "{6E5B8424-6F15-418A-B391-60D6ADC31CAA}"
EndProject
Project("{FAE04EC0-301F-11D3-BF4B-00C04F79EFBC}") = "WeatherDashboard.Application", "src\WeatherDashboard.Application\WeatherDashboard.Application.csproj", "{50A8EAAD-35C9-42A1-AD37-1256771D61C0}"
EndProject
Project("{FAE04EC0-301F-11D3-BF4B-00C04F79EFBC}") = "WeatherDashboard.Infrastructure", "src\WeatherDashboard.Infrastructure\WeatherDashboard.Infrastructure.csproj", "{E1E44AD8-475E-4DEC-82FA-3FFC2B9B907F}"
EndProject
Project("{FAE04EC0-301F-11D3-BF4B-00C04F79EFBC}") = "WeatherDashboard.Api", "src\WeatherDashboard.Api\WeatherDashboard.Api.csproj", "{F9ED5484-F35B-47B7-9563-E49589CB9951}"
EndProject
Project("{FAE04EC0-301F-11D3-BF4B-00C04F79EFBC}") = "WeatherDashboard.Web", "src\WeatherDashboard.Web\WeatherDashboard.Web.csproj", "{04180EB2-5334-463D-9082-25698F6939C6}"
EndProject
Project("{2150E333-8FDC-42A3-9474-1A3956D46DE8}") = "tests", "tests", "{0AB3BF05-4346-4AA6-1389-037BE0695223}"
EndProject
Project("{FAE04EC0-301F-11D3-BF4B-00C04F79EFBC}") = "WeatherDashboard.Domain.Tests", "tests\WeatherDashboard.Domain.Tests\WeatherDashboard.Domain.Tests.csproj", "{08E7886A-83AC-4CD4-B8E0-8E3F6A380EEA}"
EndProject
Project("{FAE04EC0-301F-11D3-BF4B-00C04F79EFBC}") = "WeatherDashboard.Application.Tests", "tests\WeatherDashboard.Application.Tests\WeatherDashboard.Application.Tests.csproj", "{72315483-AEA3-48C9-8859-E045FAE84647}"
EndProject
Project("{FAE04EC0-301F-11D3-BF4B-00C04F79EFBC}") = "WeatherDashboard.Api.IntegrationTests", "tests\WeatherDashboard.Api.IntegrationTests\WeatherDashboard.Api.IntegrationTests.csproj", "{65C6F7B4-0C8A-44EC-A0E0-E83E3FE5AFD9}"
EndProject
Project("{FAE04EC0-301F-11D3-BF4B-00C04F79EFBC}") = "WeatherDashboard.Web.Tests", "tests\WeatherDashboard.Web.Tests\WeatherDashboard.Web.Tests.csproj", "{7BBF7F5A-9C31-4271-9D36-30968AB24913}"
EndProject
Global
	GlobalSection(SolutionConfigurationPlatforms) = preSolution
		Debug|Any CPU = Debug|Any CPU
		Debug|x64 = Debug|x64
		Debug|x86 = Debug|x86
		Release|Any CPU = Release|Any CPU
		Release|x64 = Release|x64
		Release|x86 = Release|x86
	EndGlobalSection
	GlobalSection(ProjectConfigurationPlatforms) = postSolution
		{6E5B8424-6F15-418A-B391-60D6ADC31CAA}.Debug|Any CPU.ActiveCfg = Debug|Any CPU
		{6E5B8424-6F15-418A-B391-60D6ADC31CAA}.Debug|Any CPU.Build.0 = Debug|Any CPU
		{6E5B8424-6F15-418A-B391-60D6ADC31CAA}.Debug|x64.ActiveCfg = Debug|Any CPU
		{6E5B8424-6F15-418A-B391-60D6ADC31CAA}.Debug|x64.Build.0 = Debug|Any CPU
		{6E5B8424-6F15-418A-B391-60D6ADC31CAA}.Debug|x86.ActiveCfg = Debug|Any CPU
		{6E5B8424-6F15-418A-B391-60D6ADC31CAA}.Debug|x86.Build.0 = Debug|Any CPU
		{6E5B8424-6F15-418A-B391-60D6ADC31CAA}.Release|Any CPU.ActiveCfg = Release|Any CPU
		{6E5B8424-6F15-418A-B391-60D6ADC31CAA}.Release|Any CPU.Build.0 = Release|Any CPU
		{6E5B8424-6F15-418A-B391-60D6ADC31CAA}.Release|x64.ActiveCfg = Release|Any CPU
		{6E5B8424-6F15-418A-B391-60D6ADC31CAA}.Release|x64.Build.0 = Release|Any CPU
		{6E5B8424-6F15-418A-B391-60D6ADC31CAA}.Release|x86.ActiveCfg = Release|Any CPU
		{6E5B8424-6F15-418A-B391-60D6ADC31CAA}.Release|x86.Build.0 = Release|Any CPU
		{50A8EAAD-35C9-42A1-AD37-1256771D61C0}.Debug|Any CPU.ActiveCfg = Debug|Any CPU
		{50A8EAAD-35C9-42A1-AD37-1256771D61C0}.Debug|Any CPU.Build.0 = Debug|Any CPU
		{50A8EAAD-35C9-42A1-AD37-1256771D61C0}.Debug|x64.ActiveCfg = Debug|Any CPU
		{50A8EAAD-35C9-42A1-AD37-1256771D61C0}.Debug|x64.Build.0 = Debug|Any CPU
		{50A8EAAD-35C9-42A1-AD37-1256771D61C0}.Debug|x86.ActiveCfg = Debug|Any CPU
		{50A8EAAD-35C9-42A1-AD37-1256771D61C0}.Debug|x86.Build.0 = Debug|Any CPU
		{50A8EAAD-35C9-42A1-AD37-1256771D61C0}.Release|Any CPU.ActiveCfg = Release|Any CPU
		{50A8EAAD-35C9-42A1-AD37-1256771D61C0}.Release|Any CPU.Build.0 = Release|Any CPU
		{50A8EAAD-35C9-42A1-AD37-1256771D61C0}.Release|x64.ActiveCfg = Release|Any CPU
		{50A8EAAD-35C9-42A1-AD37-1256771D61C0}.Release|x64.Build.0 = Release|Any CPU
		{50A8EAAD-35C9-42A1-AD37-1256771D61C0}.Release|x86.ActiveCfg = Release|Any CPU
		{50A8EAAD-35C9-42A1-AD37-1256771D61C0}.Release|x86.Build.0 = Release|Any CPU
		{E1E44AD8-475E-4DEC-82FA-3FFC2B9B907F}.Debug|Any CPU.ActiveCfg = Debug|Any CPU
		{E1E44AD8-475E-4DEC-82FA-3FFC2B9B907F}.Debug|Any CPU.Build.0 = Debug|Any CPU
		{E1E44AD8-475E-4DEC-82FA-3FFC2B9B907F}.Debug|x64.ActiveCfg = Debug|Any CPU
		{E1E44AD8-475E-4DEC-82FA-3FFC2B9B907F}.Debug|x64.Build.0 = Debug|Any CPU
		{E1E44AD8-475E-4DEC-82FA-3FFC2B9B907F}.Debug|x86.ActiveCfg = Debug|Any CPU
		{E1E44AD8-475E-4DEC-82FA-3FFC2B9B907F}.Debug|x86.Build.0 = Debug|Any CPU
		{E1E44AD8-475E-4DEC-82FA-3FFC2B9B907F}.Release|Any CPU.ActiveCfg = Release|Any CPU
		{E1E44AD8-475E-4DEC-82FA-3FFC2B9B907F}.Release|Any CPU.Build.0 = Release|Any CPU
		{E1E44AD8-475E-4DEC-82FA-3FFC2B9B907F}.Release|x64.ActiveCfg = Release|Any CPU
		{E1E44AD8-475E-4DEC-82FA-3FFC2B9B907F}.Release|x64.Build.0 = Release|Any CPU
		{E1E44AD8-475E-4DEC-82FA-3FFC2B9B907F}.Release|x86.ActiveCfg = Release|Any CPU
		{E1E44AD8-475E-4DEC-82FA-3FFC2B9B907F}.Release|x86.Build.0 = Release|Any CPU
		{F9ED5484-F35B-47B7-9563-E49589CB9951}.Debug|Any CPU.ActiveCfg = Debug|Any CPU
		{F9ED5484-F35B-47B7-9563-E49589CB9951}.Debug|Any CPU.Build.0 = Debug|Any CPU
		{F9ED5484-F35B-47B7-9563-E49589CB9951}.Debug|x64.ActiveCfg = Debug|Any CPU
		{F9ED5484-F35B-47B7-9563-E49589CB9951}.Debug|x64.Build.0 = Debug|Any CPU
		{F9ED5484-F35B-47B7-9563-E49589CB9951}.Debug|x86.ActiveCfg = Debug|Any CPU
		{F9ED5484-F35B-47B7-9563-E49589CB9951}.Debug|x86.Build.0 = Debug|Any CPU
		{F9ED5484-F35B-47B7-9563-E49589CB9951}.Release|Any CPU.ActiveCfg = Release|Any CPU
		{F9ED5484-F35B-47B7-9563-E49589CB9951}.Release|Any CPU.Build.0 = Release|Any CPU
		{F9ED5484-F35B-47B7-9563-E49589CB9951}.Release|x64.ActiveCfg = Release|Any CPU
		{F9ED5484-F35B-47B7-9563-E49589CB9951}.Release|x64.Build.0 = Release|Any CPU
		{F9ED5484-F35B-47B7-9563-E49589CB9951}.Release|x86.ActiveCfg = Release|Any CPU
		{F9ED5484-F35B-47B7-9563-E49589CB9951}.Release|x86.Build.0 = Release|Any CPU
		{04180EB2-5334-463D-9082-25698F6939C6}.Debug|Any CPU.ActiveCfg = Debug|Any CPU
		{04180EB2-5334-463D-9082-25698F6939C6}.Debug|Any CPU.Build.0 = Debug|Any CPU
		{04180EB2-5334-463D-9082-25698F6939C6}.Debug|x64.ActiveCfg = Debug|Any CPU
		{04180EB2-5334-463D-9082-25698F6939C6}.Debug|x64.Build.0 = Debug|Any CPU
		{04180EB2-5334-463D-9082-25698F6939C6}.Debug|x86.ActiveCfg = Debug|Any CPU
		{04180EB2-5334-463D-9082-25698F6939C6}.Debug|x86.Build.0 = Debug|Any CPU
		{04180EB2-5334-463D-9082-25698F6939C6}.Release|Any CPU.ActiveCfg = Release|Any CPU
		{04180EB2-5334-463D-9082-25698F6939C6}.Release|Any CPU.Build.0 = Release|Any CPU
		{04180EB2-5334-463D-9082-25698F6939C6}.Release|x64.ActiveCfg = Release|Any CPU
		{04180EB2-5334-463D-9082-25698F6939C6}.Release|x64.Build.0 = Release|Any CPU
		{04180EB2-5334-463D-9082-25698F6939C6}.Release|x86.ActiveCfg = Release|Any CPU
		{04180EB2-5334-463D-9082-25698F6939C6}.Release|x86.Build.0 = Release|Any CPU
		{08E7886A-83AC-4CD4-B8E0-8E3F6A380EEA}.Debug|Any CPU.ActiveCfg = Debug|Any CPU
		{08E7886A-83AC-4CD4-B8E0-8E3F6A380EEA}.Debug|Any CPU.Build.0 = Debug|Any CPU
		{08E7886A-83AC-4CD4-B8E0-8E3F6A380EEA}.Debug|x64.ActiveCfg = Debug|Any CPU
		{08E7886A-83AC-4CD4-B8E0-8E3F6A380EEA}.Debug|x64.Build.0 = Debug|Any CPU
		{08E7886A-83AC-4CD4-B8E0-8E3F6A380EEA}.Debug|x86.ActiveCfg = Debug|Any CPU
		{08E7886A-83AC-4CD4-B8E0-8E3F6A380EEA}.Debug|x86.Build.0 = Debug|Any CPU
		{08E7886A-83AC-4CD4-B8E0-8E3F6A380EEA}.Release|Any CPU.ActiveCfg = Release|Any CPU
		{08E7886A-83AC-4CD4-B8E0-8E3F6A380EEA}.Release|Any CPU.Build.0 = Release|Any CPU
		{08E7886A-83AC-4CD4-B8E0-8E3F6A380EEA}.Release|x64.ActiveCfg = Release|Any CPU
		{08E7886A-83AC-4CD4-B8E0-8E3F6A380EEA}.Release|x64.Build.0 = Release|Any CPU
		{08E7886A-83AC-4CD4-B8E0-8E3F6A380EEA}.Release|x86.ActiveCfg = Release|Any CPU
		{08E7886A-83AC-4CD4-B8E0-8E3F6A380EEA}.Release|x86.Build.0 = Release|Any CPU
		{72315483-AEA3-48C9-8859-E045FAE84647}.Debug|Any CPU.ActiveCfg = Debug|Any CPU
		{72315483-AEA3-48C9-8859-E045FAE84647}.Debug|Any CPU.Build.0 = Debug|Any CPU
		{72315483-AEA3-48C9-8859-E045FAE84647}.Debug|x64.ActiveCfg = Debug|Any CPU
		{72315483-AEA3-48C9-8859-E045FAE84647}.Debug|x64.Build.0 = Debug|Any CPU
		{72315483-AEA3-48C9-8859-E045FAE84647}.Debug|x86.ActiveCfg = Debug|Any CPU
		{72315483-AEA3-48C9-8859-E045FAE84647}.Debug|x86.Build.0 = Debug|Any CPU
		{72315483-AEA3-48C9-8859-E045FAE84647}.Release|Any CPU.ActiveCfg = Release|Any CPU
		{72315483-AEA3-48C9-8859-E045FAE84647}.Release|Any CPU.Build.0 = Release|Any CPU
		{72315483-AEA3-48C9-8859-E045FAE84647}.Release|x64.ActiveCfg = Release|Any CPU
		{72315483-AEA3-48C9-8859-E045FAE84647}.Release|x64.Build.0 = Release|Any CPU
		{72315483-AEA3-48C9-8859-E045FAE84647}.Release|x86.ActiveCfg = Release|Any CPU
		{72315483-AEA3-48C9-8859-E045FAE84647}.Release|x86.Build.0 = Release|Any CPU
		{65C6F7B4-0C8A-44EC-A0E0-E83E3FE5AFD9}.Debug|Any CPU.ActiveCfg = Debug|Any CPU
		{65C6F7B4-0C8A-44EC-A0E0-E83E3FE5AFD9}.Debug|Any CPU.Build.0 = Debug|Any CPU
		{65C6F7B4-0C8A-44EC-A0E0-E83E3FE5AFD9}.Debug|x64.ActiveCfg = Debug|Any CPU
		{65C6F7B4-0C8A-44EC-A0E0-E83E3FE5AFD9}.Debug|x64.Build.0 = Debug|Any CPU
		{65C6F7B4-0C8A-44EC-A0E0-E83E3FE5AFD9}.Debug|x86.ActiveCfg = Debug|Any CPU
		{65C6F7B4-0C8A-44EC-A0E0-E83E3FE5AFD9}.Debug|x86.Build.0 = Debug|Any CPU
		{65C6F7B4-0C8A-44EC-A0E0-E83E3FE5AFD9}.Release|Any CPU.ActiveCfg = Release|Any CPU
		{65C6F7B4-0C8A-44EC-A0E0-E83E3FE5AFD9}.Release|Any CPU.Build.0 = Release|Any CPU
		{65C6F7B4-0C8A-44EC-A0E0-E83E3FE5AFD9}.Release|x64.ActiveCfg = Release|Any CPU
		{65C6F7B4-0C8A-44EC-A0E0-E83E3FE5AFD9}.Release|x64.Build.0 = Release|Any CPU
		{65C6F7B4-0C8A-44EC-A0E0-E83E3FE5AFD9}.Release|x86.ActiveCfg = Release|Any CPU
		{65C6F7B4-0C8A-44EC-A0E0-E83E3FE5AFD9}.Release|x86.Build.0 = Release|Any CPU
		{7BBF7F5A-9C31-4271-9D36-30968AB24913}.Debug|Any CPU.ActiveCfg = Debug|Any CPU
		{7BBF7F5A-9C31-4271-9D36-30968AB24913}.Debug|Any CPU.Build.0 = Debug|Any CPU
		{7BBF7F5A-9C31-4271-9D36-30968AB24913}.Debug|x64.ActiveCfg = Debug|Any CPU
		{7BBF7F5A-9C31-4271-9D36-30968AB24913}.Debug|x64.Build.0 = Debug|Any CPU
		{7BBF7F5A-9C31-4271-9D36-30968AB24913}.Debug|x86.ActiveCfg = Debug|Any CPU
		{7BBF7F5A-9C31-4271-9D36-30968AB24913}.Debug|x86.Build.0 = Debug|Any CPU
		{7BBF7F5A-9C31-4271-9D36-30968AB24913}.Release|Any CPU.ActiveCfg = Release|Any CPU
		{7BBF7F5A-9C31-4271-9D36-30968AB24913}.Release|Any CPU.Build.0 = Release|Any CPU
		{7BBF7F5A-9C31-4271-9D36-30968AB24913}.Release|x64.ActiveCfg = Release|Any CPU
		{7BBF7F5A-9C31-4271-9D36-30968AB24913}.Release|x64.Build.0 = Release|Any CPU
		{7BBF7F5A-9C31-4271-9D36-30968AB24913}.Release|x86.ActiveCfg = Release|Any CPU
		{7BBF7F5A-9C31-4271-9D36-30968AB24913}.Release|x86.Build.0 = Release|Any CPU
	EndGlobalSection
	GlobalSection(SolutionProperties) = preSolution
		HideSolutionNode = FALSE
	EndGlobalSection
	GlobalSection(NestedProjects) = preSolution
		{6E5B8424-6F15-418A-B391-60D6ADC31CAA} = {827E0CD3-B72D-47B6-A68D-7590B98EB39B}
		{50A8EAAD-35C9-42A1-AD37-1256771D61C0} = {827E0CD3-B72D-47B6-A68D-7590B98EB39B}
		{E1E44AD8-475E-4DEC-82FA-3FFC2B9B907F} = {827E0CD3-B72D-47B6-A68D-7590B98EB39B}
		{F9ED5484-F35B-47B7-9563-E49589CB9951} = {827E0CD3-B72D-47B6-A68D-7590B98EB39B}
		{04180EB2-5334-463D-9082-25698F6939C6} = {827E0CD3-B72D-47B6-A68D-7590B98EB39B}
		{08E7886A-83AC-4CD4-B8E0-8E3F6A380EEA} = {0AB3BF05-4346-4AA6-1389-037BE0695223}
		{72315483-AEA3-48C9-8859-E045FAE84647} = {0AB3BF05-4346-4AA6-1389-037BE0695223}
		{65C6F7B4-0C8A-44EC-A0E0-E83E3FE5AFD9} = {0AB3BF05-4346-4AA6-1389-037BE0695223}
		{7BBF7F5A-9C31-4271-9D36-30968AB24913} = {0AB3BF05-4346-4AA6-1389-037BE0695223}
	EndGlobalSection
EndGlobal
